{
  "version": 1,
  "dependencies": {
    "net10.0-windows7.0": {
      "DalamudPackager": {
        "type": "Direct",
        "requested": "[14.0.2, )",
        "resolved": "14.0.2",
        "contentHash": "dQJeq+8eyHzra4Cg5eZ/3LAeS3/UpvvLriYJGSncMK9LqJ7Q4B6jwcOsxo3PfxVd15xj+IzVFxkPqIBmPQu8/w=="
      },
      "DotNet.ReproducibleBuilds": {
        "type": "Direct",
        "requested": "[2.0.2, )",
        "resolved": "2.0.2",
        "contentHash": "VaHoEN6YHp0jXucxm67vfuRy8zo9ufiKSuaZ4ZudRi8xmWcEFMKxfCsg2nvYNvdISFTURDu+IHqADGh53+Bamw=="
      },
      "ECommons": {
        "type": "Direct",
        "requested": "[3.1.0.27, )",
        "resolved": "3.1.0.27",
        "contentHash": "PkA+aVOf+fHaxxpWM8jZCwBVX3TvNY+rJd7amKYZuVdeF7qpR2jPs0ZYQMejeIY4jUOdRKhaGErqq3ZV9HXZjg=="
      },
      "NoireLib": {
        "type": "Direct",
        "requested": "[1.5.1.2, )",
        "resolved": "1.5.1.2",
        "contentHash": "K3rhLU+wF+Oy4eBMKNbuUs+xZnOZxI9yM4fyPTEIALBm0cAAcQSF/F+1vE6k5s30EbpUxU+ScuyeDow6webqAQ==",
        "dependencies": {
          "Castle.Core": "5.2.1",
          "Newtonsoft.Json": "13.0.4",
          "System.Data.SQLite": "2.0.2"
        }
      },
      "Castle.Core": {
        "type": "Transitive",
        "resolved": "5.2.1",
        "contentHash": "wHARzQA695jwwKreOzNsq54KiGqKP38tv8hi8e2FXDEC/sA6BtrX90tVPDkOfVu13PbEzr00TCV8coikl+D1Iw==",
        "dependencies": {
          "System.Diagnostics.EventLog": "6.0.0"
        }
      },
      "Newtonsoft.Json": {
        "type": "Transitive",
        "resolved": "13.0.4",
        "contentHash": "pdgNNMai3zv51W5aq268sujXUyx7SNdE2bj1wZcWjAQrKMFZV260lbqYop1d2GM67JI1huLRwxo9ZqnfF/lC6A=="
      },
      "System.Data.SQLite": {
        "type": "Transitive",
        "resolved": "2.0.2",
        "contentHash": "yAwxkraZf1PazyLg1sqMAlh4KEtaa2L8zieLicd9oWBybrb3SoPph+WVIyUTFWwtTVhNX/jNsDew6tbB8bw2xQ=="
      },
      "System.Diagnostics.EventLog": {
        "type": "Transitive",
        "resolved": "6.0.0",
        "contentHash": "lcyUiXTsETK2ALsZrX+nWuHSIQeazhqPphLfaRxzdGaG93+0kELqpgEHtwWOlQe7+jSFnKwaCAgL4kjeZCQJnw=="
      },
      "autoretainerapi": {
        "type": "Project",
        "dependencies": {
          "ECommons": "[3.1.0.1, )"
        }
      }
    }
  }
}