{
  "version": 1,
  "dependencies": {
    "net10.0-windows7.0": {
      "DalamudPackager": {
        "type": "Direct",
        "requested": "[14.0.0, )",
        "resolved": "14.0.0",
        "contentHash": "9c1q/eAeAs82mkQWBOaCvbt3GIQxAIadz5b/7pCXDIy9nHPtnRc+tDXEvKR+M36Wvi7n+qBTevRupkLUQp6DFA=="
      },
      "DotNet.ReproducibleBuilds": {
        "type": "Direct",
        "requested": "[1.2.39, )",
        "resolved": "1.2.39",
        "contentHash": "fcFN01tDTIQqDuTwr1jUQK/geofiwjG5DycJQOnC72i1SsLAk1ELe+apBOuZ11UMQG8YKFZG1FgvjZPbqHyatg=="
      },
      "ECommons": {
        "type": "Direct",
        "requested": "[3.1.0.3, )",
        "resolved": "3.1.0.3",
        "contentHash": "fRJpiS6NKcmLb3M5s+wAziPpSqfk+uF9ZnlHuOJKtgBuSPVDekxhjwxvhwVMV1nz65SAMV2vYRcftl0cgiEz5Q=="
      },
      "NoireLib": {
        "type": "Direct",
        "requested": "[1.3.3, )",
        "resolved": "1.3.3",
        "contentHash": "pzI9a5Af7457wUZco0Abx3WkhZqd6410fOn/U4O4H53A0V1kCsIrUWRKNzR1P2cU69R9pY8+BK2LVPiFNQt4GA==",
        "dependencies": {
          "Castle.Core": "5.2.1"
        }
      },
      "Castle.Core": {
        "type": "Transitive",
        "resolved": "5.2.1",
        "contentHash": "wHARzQA695jwwKreOzNsq54KiGqKP38tv8hi8e2FXDEC/sA6BtrX90tVPDkOfVu13PbEzr00TCV8coikl+D1Iw==",
        "dependencies": {
          "System.Diagnostics.EventLog": "6.0.0"
        }
      },
      "System.Diagnostics.EventLog": {
        "type": "Transitive",
        "resolved": "6.0.0",
        "contentHash": "lcyUiXTsETK2ALsZrX+nWuHSIQeazhqPphLfaRxzdGaG93+0kELqpgEHtwWOlQe7+jSFnKwaCAgL4kjeZCQJnw=="
      },
      "autoretainerapi": {
        "type": "Project",
        "dependencies": {
          "ECommons": "[3.1.0.1, )"
        }
      }
    }
  }
}